
Microsoft Visual Studio Solution File, Format Version 12.00
# Visual Studio Version 17
VisualStudioVersion = 17.8.34601.278
MinimumVisualStudioVersion = 10.0.40219.1
Project("{FAE04EC0-301F-11D3-BF4B-00C04F79EFBC}") = "Lab7_1", "Lab7_1\Lab7_1.csproj", "{34842809-50AD-46C3-937B-A09ACE474641}"
EndProject
Global
	GlobalSection(SolutionConfigurationPlatforms) = preSolution
		Debug|Any CPU = Debug|Any CPU
		Release|Any CPU = Release|Any CPU
	EndGlobalSection
	GlobalSection(ProjectConfigurationPlatforms) = postSolution
		{34842809-50AD-46C3-937B-A09ACE474641}.Debug|Any CPU.ActiveCfg = Debug|Any CPU
		{34842809-50AD-46C3-937B-A09ACE474641}.Debug|Any CPU.Build.0 = Debug|Any CPU
		{34842809-50AD-46C3-937B-A09ACE474641}.Release|Any CPU.ActiveCfg = Release|Any CPU
		{34842809-50AD-46C3-937B-A09ACE474641}.Release|Any CPU.Build.0 = Release|Any CPU
	EndGlobalSection
	GlobalSection(SolutionProperties) = preSolution
		HideSolutionNode = FALSE
	EndGlobalSection
	GlobalSection(ExtensibilityGlobals) = postSolution
		SolutionGuid = {1A6868F5-13DC-4223-B2F0-C4022048337B}
	EndGlobalSection
EndGlobal
